
Microsoft Visual Studio Solution File, Format Version 12.00
# Visual Studio 15
VisualStudioVersion = 15.0.28307.757
MinimumVisualStudioVersion = 10.0.40219.1
Project("{9A19103F-16F7-4668-BE54-9A1E7A4F7556}") = "ObrasBibliograficas", "ObrasBibliograficas\ObrasBibliograficas.csproj", "{B9DF6D3E-9C42-4410-BDE4-13929956708A}"
EndProject
Project("{FAE04EC0-301F-11D3-BF4B-00C04F79EFBC}") = "ObrasBibliograficas.Tests", "ObrasBibliograficas.Tests\ObrasBibliograficas.Tests.csproj", "{DD162D63-938B-479A-9BAD-E05F7390C869}"
EndProject
Global
	GlobalSection(SolutionConfigurationPlatforms) = preSolution
		Debug|Any CPU = Debug|Any CPU
		Release|Any CPU = Release|Any CPU
	EndGlobalSection
	GlobalSection(ProjectConfigurationPlatforms) = postSolution
		{B9DF6D3E-9C42-4410-BDE4-13929956708A}.Debug|Any CPU.ActiveCfg = Debug|Any CPU
		{B9DF6D3E-9C42-4410-BDE4-13929956708A}.Debug|Any CPU.Build.0 = Debug|Any CPU
		{B9DF6D3E-9C42-4410-BDE4-13929956708A}.Release|Any CPU.ActiveCfg = Release|Any CPU
		{B9DF6D3E-9C42-4410-BDE4-13929956708A}.Release|Any CPU.Build.0 = Release|Any CPU
		{DD162D63-938B-479A-9BAD-E05F7390C869}.Debug|Any CPU.ActiveCfg = Debug|Any CPU
		{DD162D63-938B-479A-9BAD-E05F7390C869}.Debug|Any CPU.Build.0 = Debug|Any CPU
		{DD162D63-938B-479A-9BAD-E05F7390C869}.Release|Any CPU.ActiveCfg = Release|Any CPU
		{DD162D63-938B-479A-9BAD-E05F7390C869}.Release|Any CPU.Build.0 = Release|Any CPU
	EndGlobalSection
	GlobalSection(SolutionProperties) = preSolution
		HideSolutionNode = FALSE
	EndGlobalSection
	GlobalSection(ExtensibilityGlobals) = postSolution
		SolutionGuid = {48C5A8A3-417C-4955-99F4-BEB53705EB74}
	EndGlobalSection
EndGlobal
